{
    "_meta": {
        "hash": {
            "sha256": "6aa20f213721f5e7adcf253dea19c9b76e52ac3ca79eb53ccad49cf713e914af"
        },
        "pipfile-spec": 6,
        "requires": {
            "python_version": "3.8"
        },
        "sources": [
            {
                "name": "pypi",
                "url": "https://pypi.org/simple",
                "verify_ssl": true
            }
        ]
    },
    "default": {
        "mutagen": {
            "hashes": [
                "sha256:3a982d39f1b800520a32afdebe3543f972e83a6ddd0c0198739a161ee705b588",
                "sha256:43a7d86d5ef05e2bd5bb8292678b2f9988b729aa440f45d8737ecba105db5182"
            ],
            "index": "pypi",
            "version": "==1.43.0"
        },
        "mysqlclient": {
            "hashes": [
                "sha256:4c82187dd6ab3607150fbb1fa5ef4643118f3da122b8ba31c3149ddd9cf0cb39",
                "sha256:9e6080a7aee4cc6a06b58b59239f20f1d259c1d2fddf68ddeed242d2311c7087",
                "sha256:f3fdaa9a38752a3b214a6fe79d7cae3653731a53e577821f9187e67cbecb2e16",
                "sha256:f646f8d17d02be0872291f258cce3813497bc7888cd4712a577fd1e719b2f213"
            ],
            "index": "pypi",
            "version": "==1.4.6"
        },
        "sqlalchemy": {
            "hashes": [
                "sha256:afa5541e9dea8ad0014251bc9d56171ca3d8b130c9627c6cb3681cff30be3f8a"
            ],
            "index": "pypi",
            "version": "==1.3.11"
        }
    },
    "develop": {
        "importlib-metadata": {
            "hashes": [
                "sha256:b044f07694ef14a6683b097ba56bd081dbc7cdc7c7fe46011e499dfecc082f21",
                "sha256:e6ac600a142cf2db707b1998382cc7fc3b02befb7273876e01b8ad10b9652742"
            ],
            "version": "==1.1.0"
        },
        "inflect": {
            "hashes": [
                "sha256:48a35748cd695881722699d074a61166a2b591cc8c65d5c95d00e59c847b01c2",
                "sha256:ee7c9b7c3376d06828b205460afb3c447b5d25dd653171db249a238f3fc2c18a"
            ],
            "version": "==3.0.2"
        },
        "more-itertools": {
            "hashes": [
                "sha256:53ff73f186307d9c8ef17a9600309154a6ae27f25579e80af4db8f047ba14bc2",
                "sha256:a0ea684c39bc4315ba7aae406596ef191fd84f873d2d2751f84d64e81a7a2d45"
            ],
            "version": "==8.0.0"
        },
        "sqlacodegen": {
            "hashes": [
                "sha256:69daffff1524f51dde946706289c608a2e7f0a5171d0050945a5eec29dbbaca1",
                "sha256:eae258e36c3dce8dd9543d35a234552d4e37ab5561072b3fb08543c7e881107c"
            ],
            "index": "pypi",
            "version": "==2.1.0"
        },
        "sqlalchemy": {
            "hashes": [
                "sha256:afa5541e9dea8ad0014251bc9d56171ca3d8b130c9627c6cb3681cff30be3f8a"
            ],
            "index": "pypi",
            "version": "==1.3.11"
        },
        "zipp": {
            "hashes": [
                "sha256:3718b1cbcd963c7d4c5511a8240812904164b7f381b647143a89d3b98f9bcd8e",
                "sha256:f06903e9f1f43b12d371004b4ac7b06ab39a44adc747266928ae6debfa7b3335"
            ],
            "version": "==0.6.0"
        }
    }
}
